
Microsoft Visual Studio Solution File, Format Version 12.00
# Visual Studio Version 17
VisualStudioVersion = 17.3.32922.545
MinimumVisualStudioVersion = 10.0.40219.1
Project("{9A19103F-16F7-4668-BE54-9A1E7A4F7556}") = "OrderMaestro", "ConsoleApp1\OrderMaestro.csproj", "{920D0CA8-F8E2-405D-9CA3-C36AF38E0778}"
EndProject
Project("{2150E333-8FDC-42A3-9474-1A3956D46DE8}") = "01 -Application", "01 -Application", "{AA47DBF3-4D99-4686-B743-EC0C89088900}"
EndProject
Project("{2150E333-8FDC-42A3-9474-1A3956D46DE8}") = "02 - Service", "02 - Service", "{94E17BB2-255A-43EB-B17F-D0A9CEF62EBE}"
EndProject
Project("{2150E333-8FDC-42A3-9474-1A3956D46DE8}") = "03 - Model", "03 - Model", "{23471BC2-613D-46A7-8912-3D9F9A468297}"
EndProject
Project("{2150E333-8FDC-42A3-9474-1A3956D46DE8}") = "04 - Infrastructure", "04 - Infrastructure", "{C78CD598-E19E-4883-8CD6-383F47D0CD38}"
EndProject
Project("{9A19103F-16F7-4668-BE54-9A1E7A4F7556}") = "Model", "Model\Model.csproj", "{F897613E-2CAB-40C2-BB72-59C70EE86496}"
EndProject
Project("{9A19103F-16F7-4668-BE54-9A1E7A4F7556}") = "Model.Abstractions", "Model.Abstractions\Model.Abstractions.csproj", "{D27352F0-BD80-4B3A-B804-6EA20403B569}"
EndProject
Project("{9A19103F-16F7-4668-BE54-9A1E7A4F7556}") = "PaymentGateway", "PaymentGateway\PaymentGateway.csproj", "{6D3DDFF5-1CA9-4AA4-8E1F-4BE10ECF16AA}"
EndProject
Project("{9A19103F-16F7-4668-BE54-9A1E7A4F7556}") = "Shipment", "Shipment\Shipment.csproj", "{D5BF14FA-A0B8-4523-8515-397274BA31DA}"
EndProject
Project("{9A19103F-16F7-4668-BE54-9A1E7A4F7556}") = "SubscriptionManagement", "SubscriptionManagement\SubscriptionManagement.csproj", "{76FE41B5-92EC-40BC-A79E-15D1F1A11D89}"
EndProject
Project("{9A19103F-16F7-4668-BE54-9A1E7A4F7556}") = "Warehouse", "Warehouse\Warehouse.csproj", "{A3FF88D4-A74C-4F46-9C2B-BCF858D46987}"
EndProject
Project("{9A19103F-16F7-4668-BE54-9A1E7A4F7556}") = "NewOrder", "NewOrder\NewOrder.csproj", "{BF0A3E1E-594C-45F4-A46D-6232D720CE77}"
EndProject
Project("{FAE04EC0-301F-11D3-BF4B-00C04F79EFBC}") = "RoyaltiesFees", "RoyaltiesFees\RoyaltiesFees.csproj", "{7573E243-1A26-4E15-AE08-C82FDED429C1}"
EndProject
Project("{FAE04EC0-301F-11D3-BF4B-00C04F79EFBC}") = "Payroll", "Payroll\Payroll.csproj", "{67F0BEEE-2D1F-4707-ACEA-BBDE7D99DEA7}"
EndProject
Global
	GlobalSection(SolutionConfigurationPlatforms) = preSolution
		Debug|Any CPU = Debug|Any CPU
		Release|Any CPU = Release|Any CPU
	EndGlobalSection
	GlobalSection(ProjectConfigurationPlatforms) = postSolution
		{920D0CA8-F8E2-405D-9CA3-C36AF38E0778}.Debug|Any CPU.ActiveCfg = Debug|Any CPU
		{920D0CA8-F8E2-405D-9CA3-C36AF38E0778}.Debug|Any CPU.Build.0 = Debug|Any CPU
		{920D0CA8-F8E2-405D-9CA3-C36AF38E0778}.Release|Any CPU.ActiveCfg = Release|Any CPU
		{920D0CA8-F8E2-405D-9CA3-C36AF38E0778}.Release|Any CPU.Build.0 = Release|Any CPU
		{F897613E-2CAB-40C2-BB72-59C70EE86496}.Debug|Any CPU.ActiveCfg = Debug|Any CPU
		{F897613E-2CAB-40C2-BB72-59C70EE86496}.Debug|Any CPU.Build.0 = Debug|Any CPU
		{F897613E-2CAB-40C2-BB72-59C70EE86496}.Release|Any CPU.ActiveCfg = Release|Any CPU
		{F897613E-2CAB-40C2-BB72-59C70EE86496}.Release|Any CPU.Build.0 = Release|Any CPU
		{D27352F0-BD80-4B3A-B804-6EA20403B569}.Debug|Any CPU.ActiveCfg = Debug|Any CPU
		{D27352F0-BD80-4B3A-B804-6EA20403B569}.Debug|Any CPU.Build.0 = Debug|Any CPU
		{D27352F0-BD80-4B3A-B804-6EA20403B569}.Release|Any CPU.ActiveCfg = Release|Any CPU
		{D27352F0-BD80-4B3A-B804-6EA20403B569}.Release|Any CPU.Build.0 = Release|Any CPU
		{6D3DDFF5-1CA9-4AA4-8E1F-4BE10ECF16AA}.Debug|Any CPU.ActiveCfg = Debug|Any CPU
		{6D3DDFF5-1CA9-4AA4-8E1F-4BE10ECF16AA}.Debug|Any CPU.Build.0 = Debug|Any CPU
		{6D3DDFF5-1CA9-4AA4-8E1F-4BE10ECF16AA}.Release|Any CPU.ActiveCfg = Release|Any CPU
		{6D3DDFF5-1CA9-4AA4-8E1F-4BE10ECF16AA}.Release|Any CPU.Build.0 = Release|Any CPU
		{D5BF14FA-A0B8-4523-8515-397274BA31DA}.Debug|Any CPU.ActiveCfg = Debug|Any CPU
		{D5BF14FA-A0B8-4523-8515-397274BA31DA}.Debug|Any CPU.Build.0 = Debug|Any CPU
		{D5BF14FA-A0B8-4523-8515-397274BA31DA}.Release|Any CPU.ActiveCfg = Release|Any CPU
		{D5BF14FA-A0B8-4523-8515-397274BA31DA}.Release|Any CPU.Build.0 = Release|Any CPU
		{76FE41B5-92EC-40BC-A79E-15D1F1A11D89}.Debug|Any CPU.ActiveCfg = Debug|Any CPU
		{76FE41B5-92EC-40BC-A79E-15D1F1A11D89}.Debug|Any CPU.Build.0 = Debug|Any CPU
		{76FE41B5-92EC-40BC-A79E-15D1F1A11D89}.Release|Any CPU.ActiveCfg = Release|Any CPU
		{76FE41B5-92EC-40BC-A79E-15D1F1A11D89}.Release|Any CPU.Build.0 = Release|Any CPU
		{A3FF88D4-A74C-4F46-9C2B-BCF858D46987}.Debug|Any CPU.ActiveCfg = Debug|Any CPU
		{A3FF88D4-A74C-4F46-9C2B-BCF858D46987}.Debug|Any CPU.Build.0 = Debug|Any CPU
		{A3FF88D4-A74C-4F46-9C2B-BCF858D46987}.Release|Any CPU.ActiveCfg = Release|Any CPU
		{A3FF88D4-A74C-4F46-9C2B-BCF858D46987}.Release|Any CPU.Build.0 = Release|Any CPU
		{BF0A3E1E-594C-45F4-A46D-6232D720CE77}.Debug|Any CPU.ActiveCfg = Debug|Any CPU
		{BF0A3E1E-594C-45F4-A46D-6232D720CE77}.Debug|Any CPU.Build.0 = Debug|Any CPU
		{BF0A3E1E-594C-45F4-A46D-6232D720CE77}.Release|Any CPU.ActiveCfg = Release|Any CPU
		{BF0A3E1E-594C-45F4-A46D-6232D720CE77}.Release|Any CPU.Build.0 = Release|Any CPU
		{7573E243-1A26-4E15-AE08-C82FDED429C1}.Debug|Any CPU.ActiveCfg = Debug|Any CPU
		{7573E243-1A26-4E15-AE08-C82FDED429C1}.Debug|Any CPU.Build.0 = Debug|Any CPU
		{7573E243-1A26-4E15-AE08-C82FDED429C1}.Release|Any CPU.ActiveCfg = Release|Any CPU
		{7573E243-1A26-4E15-AE08-C82FDED429C1}.Release|Any CPU.Build.0 = Release|Any CPU
		{67F0BEEE-2D1F-4707-ACEA-BBDE7D99DEA7}.Debug|Any CPU.ActiveCfg = Debug|Any CPU
		{67F0BEEE-2D1F-4707-ACEA-BBDE7D99DEA7}.Debug|Any CPU.Build.0 = Debug|Any CPU
		{67F0BEEE-2D1F-4707-ACEA-BBDE7D99DEA7}.Release|Any CPU.ActiveCfg = Release|Any CPU
		{67F0BEEE-2D1F-4707-ACEA-BBDE7D99DEA7}.Release|Any CPU.Build.0 = Release|Any CPU
	EndGlobalSection
	GlobalSection(SolutionProperties) = preSolution
		HideSolutionNode = FALSE
	EndGlobalSection
	GlobalSection(NestedProjects) = preSolution
		{920D0CA8-F8E2-405D-9CA3-C36AF38E0778} = {94E17BB2-255A-43EB-B17F-D0A9CEF62EBE}
		{F897613E-2CAB-40C2-BB72-59C70EE86496} = {23471BC2-613D-46A7-8912-3D9F9A468297}
		{D27352F0-BD80-4B3A-B804-6EA20403B569} = {23471BC2-613D-46A7-8912-3D9F9A468297}
		{6D3DDFF5-1CA9-4AA4-8E1F-4BE10ECF16AA} = {94E17BB2-255A-43EB-B17F-D0A9CEF62EBE}
		{D5BF14FA-A0B8-4523-8515-397274BA31DA} = {94E17BB2-255A-43EB-B17F-D0A9CEF62EBE}
		{76FE41B5-92EC-40BC-A79E-15D1F1A11D89} = {94E17BB2-255A-43EB-B17F-D0A9CEF62EBE}
		{A3FF88D4-A74C-4F46-9C2B-BCF858D46987} = {94E17BB2-255A-43EB-B17F-D0A9CEF62EBE}
		{BF0A3E1E-594C-45F4-A46D-6232D720CE77} = {AA47DBF3-4D99-4686-B743-EC0C89088900}
		{7573E243-1A26-4E15-AE08-C82FDED429C1} = {94E17BB2-255A-43EB-B17F-D0A9CEF62EBE}
		{67F0BEEE-2D1F-4707-ACEA-BBDE7D99DEA7} = {94E17BB2-255A-43EB-B17F-D0A9CEF62EBE}
	EndGlobalSection
	GlobalSection(ExtensibilityGlobals) = postSolution
		SolutionGuid = {1EFF1926-32B5-49CD-9E30-1050B74DB3E2}
	EndGlobalSection
EndGlobal
